<?xml version="1.0" encoding="utf-8"?>
<Project ToolsVersion="4.0" xmlns="http://schemas.microsoft.com/developer/msbuild/2003">
  <ItemGroup>
    <Filter Include="Source Files">
      <UniqueIdentifier>{4FC737F1-C7A5-4376-A066-2A32D752A2FF}</UniqueIdentifier>
      <Extensions>cpp;c;cc;cxx;def;odl;idl;hpj;bat;asm;asmx</Extensions>
    </Filter>
    <Filter Include="Header Files">
      <UniqueIdentifier>{93995380-89BD-4b04-88EB-625FBE52EBFB}</UniqueIdentifier>
      <Extensions>h;hh;hpp;hxx;hm;inl;inc;xsd</Extensions>
    </Filter>
    <Filter Include="Resource Files">
      <UniqueIdentifier>{67DA6AB6-F800-4c08-8B7A-83BB121AAD01}</UniqueIdentifier>
      <Extensions>rc;ico;cur;bmp;dlg;rc2;rct;bin;rgs;gif;jpg;jpeg;jpe;resx;tiff;tif;png;wav;mfcribbon-ms</Extensions>
    </Filter>
    <Filter Include="Header Files\Core">
      <UniqueIdentifier>{ebc5128e-a2df-47fd-8bab-a490730a47ef}</UniqueIdentifier>
    </Filter>
    <Filter Include="Header Files\Core\Main">
      <UniqueIdentifier>{931cd8eb-ab80-4a87-a5f2-f9200e9576c2}</UniqueIdentifier>
    </Filter>
    <Filter Include="Header Files\Defines">
      <UniqueIdentifier>{ab17f5bf-ce61-4e6e-8449-a801024194f3}</UniqueIdentifier>
    </Filter>
    <Filter Include="Header Files\Core\Systems">
      <UniqueIdentifier>{fda26abd-f0fe-4613-a802-6b5a44351f8e}</UniqueIdentifier>
    </Filter>
    <Filter Include="Header Files\SceneGraph">
      <UniqueIdentifier>{30f1f6f6-c55b-42b4-bfd1-84e7624e2f4b}</UniqueIdentifier>
    </Filter>
    <Filter Include="Header Files\SceneGraph\Base">
      <UniqueIdentifier>{d0d71efc-961d-4aa5-ac1b-fe5a1d0db454}</UniqueIdentifier>
    </Filter>
    <Filter Include="Header Files\Defines\Context">
      <UniqueIdentifier>{efb1d620-d0bd-4b74-a62a-5ede31e23487}</UniqueIdentifier>
    </Filter>
    <Filter Include="Header Files\Core\Systems\Base">
      <UniqueIdentifier>{7cd95c8e-8ebb-4d7c-8db9-f13d394151a2}</UniqueIdentifier>
    </Filter>
  </ItemGroup>
  <ItemGroup>
    <ClInclude Include="WinMain.h">
      <Filter>Header Files\Core\Main</Filter>
    </ClInclude>
    <ClInclude Include="string.h">
      <Filter>Header Files\Defines</Filter>
    </ClInclude>
    <ClInclude Include="iostream.h">
      <Filter>Header Files\Defines</Filter>
    </ClInclude>
    <ClInclude Include="deletemacros.h">
      <Filter>Header Files\Defines</Filter>
    </ClInclude>
    <ClInclude Include="context.h">
      <Filter>Header Files\Defines\Context</Filter>
    </ClInclude>
    <ClInclude Include="System.h">
      <Filter>Header Files\Core\Systems\Base</Filter>
    </ClInclude>
    <ClInclude Include="Engine.h">
      <Filter>Header Files\Core</Filter>
    </ClInclude>
    <ClInclude Include="Game.h">
      <Filter>Header Files\Core\Systems</Filter>
    </ClInclude>
    <ClInclude Include="UObject.h">
      <Filter>Header Files\SceneGraph\Base</Filter>
    </ClInclude>
  </ItemGroup>
  <ItemGroup>
    <ClCompile Include="WinMain.cpp">
      <Filter>Header Files\Core\Main</Filter>
    </ClCompile>
    <ClCompile Include="System.cpp">
      <Filter>Header Files\Core\Systems\Base</Filter>
    </ClCompile>
    <ClCompile Include="Engine.cpp">
      <Filter>Header Files\Core</Filter>
    </ClCompile>
    <ClCompile Include="Game.cpp">
      <Filter>Header Files\Core\Systems</Filter>
    </ClCompile>
    <ClCompile Include="UObject.cpp">
      <Filter>Header Files\SceneGraph\Base</Filter>
    </ClCompile>
  </ItemGroup>
</Project>